Aa5+SiaDVLHu7I3uVEEdq/r0cBaGKH9A6Km6Vc2Ez9s3d+HzNetS2u2yACWX2b54lo2EwMQ3+rxFSnBSVgRjYmmEZJ0lthZxVt66Z2j9UIAYwQMJ0q6qJznWIcfinmB3YkOYw5mz31BFYjZm8Ke0IUP9YBD5NVO9teKGA5XFdO+D6eluHl8UY5BFHJW3Sl+ETPNB+J32G+xC9+IVS8PORhKg9PTHdW5I5LZ70Q05Y12RrTJJevUFpmBmKuGPib/k3l8EH35fCv0LsRwxsaBFYWIRFjuhXox7ghJ3wL0IId2H/dyq3A4HBttVFyFV1j83fvHwqi+NqcO4HjLiLbWQ7znTshBMVL9m1MXDmLyHiuVTQNGImHuWDd+vrGWfZESwWXkbw+dYJERDQEtmtscuev8tbbIZ3uzvd5pVsl7S+TIGI7jWWns+FTmELICy3tQ=
